
Microsoft Visual Studio Solution File, Format Version 12.00
# Visual Studio Version 17
VisualStudioVersion = 17.2.32526.322
MinimumVisualStudioVersion = 10.0.40219.1
Project("{FAE04EC0-301F-11D3-BF4B-00C04F79EFBC}") = "EasyNotes.WebProject", "EasyNotes.WebProject\EasyNotes.WebProject.csproj", "{52FA60C4-3FD3-4671-8B56-8EF12398E8E1}"
EndProject
Project("{FAE04EC0-301F-11D3-BF4B-00C04F79EFBC}") = "EasyNotes.WebApp(MVC)", "EasyNotes.WebApp(MVC)\EasyNotes.WebApp(MVC).csproj", "{7A55FB13-379E-4E46-81AC-B05C4E2EC8C9}"
EndProject
Global
	GlobalSection(SolutionConfigurationPlatforms) = preSolution
		Debug|Any CPU = Debug|Any CPU
		Release|Any CPU = Release|Any CPU
	EndGlobalSection
	GlobalSection(ProjectConfigurationPlatforms) = postSolution
		{52FA60C4-3FD3-4671-8B56-8EF12398E8E1}.Debug|Any CPU.ActiveCfg = Debug|Any CPU
		{52FA60C4-3FD3-4671-8B56-8EF12398E8E1}.Debug|Any CPU.Build.0 = Debug|Any CPU
		{52FA60C4-3FD3-4671-8B56-8EF12398E8E1}.Release|Any CPU.ActiveCfg = Release|Any CPU
		{52FA60C4-3FD3-4671-8B56-8EF12398E8E1}.Release|Any CPU.Build.0 = Release|Any CPU
		{7A55FB13-379E-4E46-81AC-B05C4E2EC8C9}.Debug|Any CPU.ActiveCfg = Debug|Any CPU
		{7A55FB13-379E-4E46-81AC-B05C4E2EC8C9}.Debug|Any CPU.Build.0 = Debug|Any CPU
		{7A55FB13-379E-4E46-81AC-B05C4E2EC8C9}.Release|Any CPU.ActiveCfg = Release|Any CPU
		{7A55FB13-379E-4E46-81AC-B05C4E2EC8C9}.Release|Any CPU.Build.0 = Release|Any CPU
	EndGlobalSection
	GlobalSection(SolutionProperties) = preSolution
		HideSolutionNode = FALSE
	EndGlobalSection
	GlobalSection(ExtensibilityGlobals) = postSolution
		SolutionGuid = {4F8EECAA-DE72-43CD-9A85-82E8EAC217F0}
	EndGlobalSection
EndGlobal
